PATH
  remote: vendor/gems/netzke-basepack
  specs:
    netzke-basepack (0.7.0)
      acts_as_list (~> 0.1.4)
      meta_where (~> 1.0.0)
      netzke-core (~> 0.7.0)
      will_paginate (~> 3.0.0)

PATH
  remote: vendor/gems/netzke-core
  specs:
    netzke-core (0.7.1)
      activesupport (~> 3.0.0)

PATH
  remote: vendor/gems/netzke-persistence
  specs:
    netzke-persistence (0.2.0)

GEM
  remote: http://rubygems.org/
  specs:
    abstract (1.0.0)
    actionmailer (3.0.9)
      actionpack (= 3.0.9)
      mail (~> 2.2.19)
    actionpack (3.0.9)
      activemodel (= 3.0.9)
      activesupport (= 3.0.9)
      builder (~> 2.1.2)
      erubis (~> 2.6.6)
      i18n (~> 0.5.0)
      rack (~> 1.2.1)
      rack-mount (~> 0.6.14)
      rack-test (~> 0.5.7)
      tzinfo (~> 0.3.23)
    activemodel (3.0.9)
      activesupport (= 3.0.9)
      builder (~> 2.1.2)
      i18n (~> 0.5.0)
    activerecord (3.0.9)
      activemodel (= 3.0.9)
      activesupport (= 3.0.9)
      arel (~> 2.0.10)
      tzinfo (~> 0.3.23)
    activeresource (3.0.9)
      activemodel (= 3.0.9)
      activesupport (= 3.0.9)
    activesupport (3.0.9)
    acts_as_list (0.1.4)
    arel (2.0.10)
    builder (2.1.2)
    carrierwave (0.5.6)
      activesupport (~> 3.0)
    coderay (0.9.8)
    erubis (2.6.6)
      abstract (>= 1.0.0)
    faker (0.9.5)
      i18n (~> 0.4)
    haml (3.1.2)
    i18n (0.5.0)
    inploy (1.9.3)
    mail (2.2.19)
      activesupport (>= 2.3.6)
      i18n (>= 0.4.0)
      mime-types (~> 1.16)
      treetop (~> 1.4.8)
    meta_where (1.0.4)
      activerecord (~> 3.0.0)
      activesupport (~> 3.0.0)
      arel (~> 2.0.7)
    mime-types (1.16)
    mysql2 (0.2.11)
    open4 (1.1.0)
    perftools.rb (0.5.6)
    polyglot (0.3.2)
    rack (1.2.3)
    rack-mount (0.6.14)
      rack (>= 1.0.0)
    rack-perftools_profiler (0.5.0)
      open4 (~> 1.0)
      perftools.rb (~> 0.5.6)
      rack (~> 1.0)
    rack-test (0.5.7)
      rack (>= 1.0)
    rails (3.0.9)
      actionmailer (= 3.0.9)
      actionpack (= 3.0.9)
      activerecord (= 3.0.9)
      activeresource (= 3.0.9)
      activesupport (= 3.0.9)
      bundler (~> 1.0)
      railties (= 3.0.9)
    railties (3.0.9)
      actionpack (= 3.0.9)
      activesupport (= 3.0.9)
      rake (>= 0.8.7)
      rdoc (~> 3.4)
      thor (~> 0.14.4)
    rake (0.9.2)
    rdoc (3.9.1)
    thor (0.14.6)
    treetop (1.4.10)
      polyglot
      polyglot (>= 0.3.1)
    tzinfo (0.3.29)
    will_paginate (3.0.0)

PLATFORMS
  ruby

DEPENDENCIES
  carrierwave
  coderay
  faker
  haml
  inploy
  mysql2 (~> 0.2.0)
  netzke-basepack!
  netzke-core!
  netzke-persistence!
  rack-perftools_profiler (~> 0.1)
  rails (= 3.0.9)
